
Microsoft Visual Studio Solution File, Format Version 12.00
# Visual Studio Version 17
VisualStudioVersion = 17.9.34728.123
MinimumVisualStudioVersion = 10.0.40219.1
Project("{FAE04EC0-301F-11D3-BF4B-00C04F79EFBC}") = "BethsPieShopHRM", "BethsPieShopHRM\BethsPieShopHRM.csproj", "{BBA3F718-5DF0-4B5C-8344-BB92C3156EDC}"
EndProject
Global
	GlobalSection(SolutionConfigurationPlatforms) = preSolution
		Debug|Any CPU = Debug|Any CPU
		Release|Any CPU = Release|Any CPU
	EndGlobalSection
	GlobalSection(ProjectConfigurationPlatforms) = postSolution
		{BBA3F718-5DF0-4B5C-8344-BB92C3156EDC}.Debug|Any CPU.ActiveCfg = Debug|Any CPU
		{BBA3F718-5DF0-4B5C-8344-BB92C3156EDC}.Debug|Any CPU.Build.0 = Debug|Any CPU
		{BBA3F718-5DF0-4B5C-8344-BB92C3156EDC}.Release|Any CPU.ActiveCfg = Release|Any CPU
		{BBA3F718-5DF0-4B5C-8344-BB92C3156EDC}.Release|Any CPU.Build.0 = Release|Any CPU
	EndGlobalSection
	GlobalSection(SolutionProperties) = preSolution
		HideSolutionNode = FALSE
	EndGlobalSection
	GlobalSection(ExtensibilityGlobals) = postSolution
		SolutionGuid = {112480B2-496C-4FD6-8A5E-64981B2150F6}
	EndGlobalSection
EndGlobal
